// !$*UTF8*$!
{
	archiveVersion = 1;
	classes = {
	};
	objectVersion = 55;
	objects = {

/* Begin PBXBuildFile section */
		0E6A0306283110A600DDB583 /* AppDelegate.swift in Sources */ = {isa = PBXBuildFile; fileRef = 0E6A0305283110A600DDB583 /* AppDelegate.swift */; };
		0E6A0308283110A600DDB583 /* SceneDelegate.swift in Sources */ = {isa = PBXBuildFile; fileRef = 0E6A0307283110A600DDB583 /* SceneDelegate.swift */; };
		0E6A030A283110A600DDB583 /* ViewController.swift in Sources */ = {isa = PBXBuildFile; fileRef = 0E6A0309283110A600DDB583 /* ViewController.swift */; };
		0E6A030D283110A600DDB583 /* Main.storyboard in Resources */ = {isa = PBXBuildFile; fileRef = 0E6A030B283110A600DDB583 /* Main.storyboard */; };
		0E6A0310283110A600DDB583 /* Restaurant.xcdatamodeld in Sources */ = {isa = PBXBuildFile; fileRef = 0E6A030E283110A600DDB583 /* Restaurant.xcdatamodeld */; };
		0E6A0312283110AA00DDB583 /* Assets.xcassets in Resources */ = {isa = PBXBuildFile; fileRef = 0E6A0311283110AA00DDB583 /* Assets.xcassets */; };
		0E6A0315283110AA00DDB583 /* LaunchScreen.storyboard in Resources */ = {isa = PBXBuildFile; fileRef = 0E6A0313283110AA00DDB583 /* LaunchScreen.storyboard */; };
		0E6A031F2831E9BD00DDB583 /* OrderListViewController.swift in Sources */ = {isa = PBXBuildFile; fileRef = 0E6A031E2831E9BD00DDB583 /* OrderListViewController.swift */; };
		0E6A03212831EC9D00DDB583 /* OrderListCell.swift in Sources */ = {isa = PBXBuildFile; fileRef = 0E6A03202831EC9D00DDB583 /* OrderListCell.swift */; };
		0E6A03232831F1CD00DDB583 /* DBManager.swift in Sources */ = {isa = PBXBuildFile; fileRef = 0E6A03222831F1CD00DDB583 /* DBManager.swift */; };
		0E6A03252831F33100DDB583 /* OrderModel.swift in Sources */ = {isa = PBXBuildFile; fileRef = 0E6A03242831F33100DDB583 /* OrderModel.swift */; };
		0E6A03272831F84900DDB583 /* AddOrderViewController.swift in Sources */ = {isa = PBXBuildFile; fileRef = 0E6A03262831F84900DDB583 /* AddOrderViewController.swift */; };
		0E6A0329283228D100DDB583 /* ViewOrderViewController.swift in Sources */ = {isa = PBXBuildFile; fileRef = 0E6A0328283228D000DDB583 /* ViewOrderViewController.swift */; };
		0E6A032B28323D5B00DDB583 /* EditOrderViewController.swift in Sources */ = {isa = PBXBuildFile; fileRef = 0E6A032A28323D5B00DDB583 /* EditOrderViewController.swift */; };
		76B1940B28333B490095D19C /* InformationViewController.swift in Sources */ = {isa = PBXBuildFile; fileRef = 76B1940A28333B490095D19C /* InformationViewController.swift */; };
		76B1940D2833411B0095D19C /* RecordViewController.swift in Sources */ = {isa = PBXBuildFile; fileRef = 76B1940C2833411B0095D19C /* RecordViewController.swift */; };
		76B1940F283376AA0095D19C /* StatusViewController.swift in Sources */ = {isa = PBXBuildFile; fileRef = 76B1940E283376AA0095D19C /* StatusViewController.swift */; };
		76B19411283493B00095D19C /* ShowStatusViewController.swift in Sources */ = {isa = PBXBuildFile; fileRef = 76B19410283493B00095D19C /* ShowStatusViewController.swift */; };
		76B194132834D3600095D19C /* ChangeViewController.swift in Sources */ = {isa = PBXBuildFile; fileRef = 76B194122834D3600095D19C /* ChangeViewController.swift */; };
/* End PBXBuildFile section */

/* Begin PBXFileReference section */
		0E6A0302283110A600DDB583 /* Restaurant.app */ = {isa = PBXFileReference; explicitFileType = wrapper.application; includeInIndex = 0; path = Restaurant.app; sourceTree = BUILT_PRODUCTS_DIR; };
		0E6A0305283110A600DDB583 /* AppDelegate.swift */ = {isa = PBXFileReference; lastKnownFileType = sourcecode.swift; path = AppDelegate.swift; sourceTree = "<group>"; };
		0E6A0307283110A600DDB583 /* SceneDelegate.swift */ = {isa = PBXFileReference; lastKnownFileType = sourcecode.swift; path = SceneDelegate.swift; sourceTree = "<group>"; };
		0E6A0309283110A600DDB583 /* ViewController.swift */ = {isa = PBXFileReference; lastKnownFileType = sourcecode.swift; path = ViewController.swift; sourceTree = "<group>"; };
		0E6A030C283110A600DDB583 /* Base */ = {isa = PBXFileReference; lastKnownFileType = file.storyboard; name = Base; path = Base.lproj/Main.storyboard; sourceTree = "<group>"; };
		0E6A030F283110A600DDB583 /* Restaurant.xcdatamodel */ = {isa = PBXFileReference; lastKnownFileType = wrapper.xcdatamodel; path = Restaurant.xcdatamodel; sourceTree = "<group>"; };
		0E6A0311283110AA00DDB583 /* Assets.xcassets */ = {isa = PBXFileReference; lastKnownFileType = folder.assetcatalog; path = Assets.xcassets; sourceTree = "<group>"; };
		0E6A0314283110AA00DDB583 /* Base */ = {isa = PBXFileReference; lastKnownFileType = file.storyboard; name = Base; path = Base.lproj/LaunchScreen.storyboard; sourceTree = "<group>"; };
		0E6A0316283110AA00DDB583 /* Info.plist */ = {isa = PBXFileReference; lastKnownFileType = text.plist.xml; path = Info.plist; sourceTree = "<group>"; };
		0E6A031E2831E9BD00DDB583 /* OrderListViewController.swift */ = {isa = PBXFileReference; lastKnownFileType = sourcecode.swift; path = OrderListViewController.swift; sourceTree = "<group>"; };
		0E6A03202831EC9D00DDB583 /* OrderListCell.swift */ = {isa = PBXFileReference; lastKnownFileType = sourcecode.swift; path = OrderListCell.swift; sourceTree = "<group>"; };
		0E6A03222831F1CD00DDB583 /* DBManager.swift */ = {isa = PBXFileReference; lastKnownFileType = sourcecode.swift; path = DBManager.swift; sourceTree = "<group>"; };
		0E6A03242831F33100DDB583 /* OrderModel.swift */ = {isa = PBXFileReference; lastKnownFileType = sourcecode.swift; path = OrderModel.swift; sourceTree = "<group>"; };
		0E6A03262831F84900DDB583 /* AddOrderViewController.swift */ = {isa = PBXFileReference; lastKnownFileType = sourcecode.swift; path = AddOrderViewController.swift; sourceTree = "<group>"; };
		0E6A0328283228D000DDB583 /* ViewOrderViewController.swift */ = {isa = PBXFileReference; lastKnownFileType = sourcecode.swift; path = ViewOrderViewController.swift; sourceTree = "<group>"; };
		0E6A032A28323D5B00DDB583 /* EditOrderViewController.swift */ = {isa = PBXFileReference; lastKnownFileType = sourcecode.swift; path = EditOrderViewController.swift; sourceTree = "<group>"; };
		76B1940A28333B490095D19C /* InformationViewController.swift */ = {isa = PBXFileReference; lastKnownFileType = sourcecode.swift; path = InformationViewController.swift; sourceTree = "<group>"; };
		76B1940C2833411B0095D19C /* RecordViewController.swift */ = {isa = PBXFileReference; lastKnownFileType = sourcecode.swift; path = RecordViewController.swift; sourceTree = "<group>"; };
		76B1940E283376AA0095D19C /* StatusViewController.swift */ = {isa = PBXFileReference; lastKnownFileType = sourcecode.swift; path = StatusViewController.swift; sourceTree = "<group>"; };
		76B19410283493B00095D19C /* ShowStatusViewController.swift */ = {isa = PBXFileReference; lastKnownFileType = sourcecode.swift; path = ShowStatusViewController.swift; sourceTree = "<group>"; };
		76B194122834D3600095D19C /* ChangeViewController.swift */ = {isa = PBXFileReference; lastKnownFileType = sourcecode.swift; path = ChangeViewController.swift; sourceTree = "<group>"; };
/* End PBXFileReference section */

/* Begin PBXFrameworksBuildPhase section */
		0E6A02FF283110A600DDB583 /* Frameworks */ = {
			isa = PBXFrameworksBuildPhase;
			buildActionMask = 2147483647;
			files = (
			);
			runOnlyForDeploymentPostprocessing = 0;
		};
/* End PBXFrameworksBuildPhase section */

/* Begin PBXGroup section */
		0E6A02F9283110A600DDB583 = {
			isa = PBXGroup;
			children = (
				76B194122834D3600095D19C /* ChangeViewController.swift */,
				76B19410283493B00095D19C /* ShowStatusViewController.swift */,
				76B1940E283376AA0095D19C /* StatusViewController.swift */,
				76B1940C2833411B0095D19C /* RecordViewController.swift */,
				76B1940A28333B490095D19C /* InformationViewController.swift */,
				0E6A0304283110A600DDB583 /* Restaurant */,
				0E6A0303283110A600DDB583 /* Products */,
			);
			sourceTree = "<group>";
		};
		0E6A0303283110A600DDB583 /* Products */ = {
			isa = PBXGroup;
			children = (
				0E6A0302283110A600DDB583 /* Restaurant.app */,
			);
			name = Products;
			sourceTree = "<group>";
		};
		0E6A0304283110A600DDB583 /* Restaurant */ = {
			isa = PBXGroup;
			children = (
				0E6A0305283110A600DDB583 /* AppDelegate.swift */,
				0E6A0307283110A600DDB583 /* SceneDelegate.swift */,
				0E6A032C283327CC00DDB583 /* Controllers */,
				0E6A032D283327CD00DDB583 /* Models */,
				0E6A032E283327CD00DDB583 /* Views */,
				0E6A030B283110A600DDB583 /* Main.storyboard */,
				0E6A0311283110AA00DDB583 /* Assets.xcassets */,
				0E6A0313283110AA00DDB583 /* LaunchScreen.storyboard */,
				0E6A0316283110AA00DDB583 /* Info.plist */,
				0E6A030E283110A600DDB583 /* Restaurant.xcdatamodeld */,
			);
			path = Restaurant;
			sourceTree = "<group>";
		};
		0E6A032C283327CC00DDB583 /* Controllers */ = {
			isa = PBXGroup;
			children = (
				0E6A0309283110A600DDB583 /* ViewController.swift */,
				0E6A03262831F84900DDB583 /* AddOrderViewController.swift */,
				0E6A031E2831E9BD00DDB583 /* OrderListViewController.swift */,
				0E6A0328283228D000DDB583 /* ViewOrderViewController.swift */,
				0E6A032A28323D5B00DDB583 /* EditOrderViewController.swift */,
			);
			path = Controllers;
			sourceTree = "<group>";
		};
		0E6A032D283327CD00DDB583 /* Models */ = {
			isa = PBXGroup;
			children = (
				0E6A03242831F33100DDB583 /* OrderModel.swift */,
				0E6A03222831F1CD00DDB583 /* DBManager.swift */,
			);
			path = Models;
			sourceTree = "<group>";
		};
		0E6A032E283327CD00DDB583 /* Views */ = {
			isa = PBXGroup;
			children = (
				0E6A03202831EC9D00DDB583 /* OrderListCell.swift */,
			);
			path = Views;
			sourceTree = "<group>";
		};
/* End PBXGroup section */

/* Begin PBXNativeTarget section */
		0E6A0301283110A600DDB583 /* Restaurant */ = {
			isa = PBXNativeTarget;
			buildConfigurationList = 0E6A0319283110AA00DDB583 /* Build configuration list for PBXNativeTarget "Restaurant" */;
			buildPhases = (
				0E6A02FE283110A600DDB583 /* Sources */,
				0E6A02FF283110A600DDB583 /* Frameworks */,
				0E6A0300283110A600DDB583 /* Resources */,
			);
			buildRules = (
			);
			dependencies = (
			);
			name = Restaurant;
			productName = Restaurant;
			productReference = 0E6A0302283110A600DDB583 /* Restaurant.app */;
			productType = "com.apple.product-type.application";
		};
/* End PBXNativeTarget section */

/* Begin PBXProject section */
		0E6A02FA283110A600DDB583 /* Project object */ = {
			isa = PBXProject;
			attributes = {
				BuildIndependentTargetsInParallel = 1;
				LastSwiftUpdateCheck = 1320;
				LastUpgradeCheck = 1320;
				TargetAttributes = {
					0E6A0301283110A600DDB583 = {
						CreatedOnToolsVersion = 13.2.1;
					};
				};
			};
			buildConfigurationList = 0E6A02FD283110A600DDB583 /* Build configuration list for PBXProject "Restaurant" */;
			compatibilityVersion = "Xcode 13.0";
			developmentRegion = en;
			hasScannedForEncodings = 0;
			knownRegions = (
				en,
				Base,
			);
			mainGroup = 0E6A02F9283110A600DDB583;
			productRefGroup = 0E6A0303283110A600DDB583 /* Products */;
			projectDirPath = "";
			projectRoot = "";
			targets = (
				0E6A0301283110A600DDB583 /* Restaurant */,
			);
		};
/* End PBXProject section */

/* Begin PBXResourcesBuildPhase section */
		0E6A0300283110A600DDB583 /* Resources */ = {
			isa = PBXResourcesBuildPhase;
			buildActionMask = 2147483647;
			files = (
				0E6A0315283110AA00DDB583 /* LaunchScreen.storyboard in Resources */,
				0E6A0312283110AA00DDB583 /* Assets.xcassets in Resources */,
				0E6A030D283110A600DDB583 /* Main.storyboard in Resources */,
			);
			runOnlyForDeploymentPostprocessing = 0;
		};
/* End PBXResourcesBuildPhase section */

/* Begin PBXSourcesBuildPhase section */
		0E6A02FE283110A600DDB583 /* Sources */ = {
			isa = PBXSourcesBuildPhase;
			buildActionMask = 2147483647;
			files = (
				76B1940F283376AA0095D19C /* StatusViewController.swift in Sources */,
				0E6A032B28323D5B00DDB583 /* EditOrderViewController.swift in Sources */,
				0E6A03252831F33100DDB583 /* OrderModel.swift in Sources */,
				0E6A031F2831E9BD00DDB583 /* OrderListViewController.swift in Sources */,
				0E6A0329283228D100DDB583 /* ViewOrderViewController.swift in Sources */,
				0E6A0310283110A600DDB583 /* Restaurant.xcdatamodeld in Sources */,
				0E6A03212831EC9D00DDB583 /* OrderListCell.swift in Sources */,
				0E6A030A283110A600DDB583 /* ViewController.swift in Sources */,
				0E6A0306283110A600DDB583 /* AppDelegate.swift in Sources */,
				0E6A0308283110A600DDB583 /* SceneDelegate.swift in Sources */,
				76B194132834D3600095D19C /* ChangeViewController.swift in Sources */,
				0E6A03272831F84900DDB583 /* AddOrderViewController.swift in Sources */,
				76B1940D2833411B0095D19C /* RecordViewController.swift in Sources */,
				0E6A03232831F1CD00DDB583 /* DBManager.swift in Sources */,
				76B19411283493B00095D19C /* ShowStatusViewController.swift in Sources */,
				76B1940B28333B490095D19C /* InformationViewController.swift in Sources */,
			);
			runOnlyForDeploymentPostprocessing = 0;
		};
/* End PBXSourcesBuildPhase section */

/* Begin PBXVariantGroup section */
		0E6A030B283110A600DDB583 /* Main.storyboard */ = {
			isa = PBXVariantGroup;
			children = (
				0E6A030C283110A600DDB583 /* Base */,
			);
			name = Main.storyboard;
			sourceTree = "<group>";
		};
		0E6A0313283110AA00DDB583 /* LaunchScreen.storyboard */ = {
			isa = PBXVariantGroup;
			children = (
				0E6A0314283110AA00DDB583 /* Base */,
			);
			name = LaunchScreen.storyboard;
			sourceTree = "<group>";
		};
/* End PBXVariantGroup section */

/* Begin XCBuildConfiguration section */
		0E6A0317283110AA00DDB583 /* Debug */ = {
			isa = XCBuildConfiguration;
			buildSettings = {
				ALWAYS_SEARCH_USER_PATHS = NO;
				CLANG_ANALYZER_NONNULL = YES;
				CLANG_ANALYZER_NUMBER_OBJECT_CONVERSION = YES_AGGRESSIVE;
				CLANG_CXX_LANGUAGE_STANDARD = "gnu++17";
				CLANG_CXX_LIBRARY = "libc++";
				CLANG_ENABLE_MODULES = YES;
				CLANG_ENABLE_OBJC_ARC = YES;
				CLANG_ENABLE_OBJC_WEAK = YES;
				CLANG_WARN_BLOCK_CAPTURE_AUTORELEASING = YES;
				CLANG_WARN_BOOL_CONVERSION = YES;
				CLANG_WARN_COMMA = YES;
				CLANG_WARN_CONSTANT_CONVERSION = YES;
				CLANG_WARN_DEPRECATED_OBJC_IMPLEMENTATIONS = YES;
				CLANG_WARN_DIRECT_OBJC_ISA_USAGE = YES_ERROR;
				CLANG_WARN_DOCUMENTATION_COMMENTS = YES;
				CLANG_WARN_EMPTY_BODY = YES;
				CLANG_WARN_ENUM_CONVERSION = YES;
				CLANG_WARN_INFINITE_RECURSION = YES;
				CLANG_WARN_INT_CONVERSION = YES;
				CLANG_WARN_NON_LITERAL_NULL_CONVERSION = YES;
				CLANG_WARN_OBJC_IMPLICIT_RETAIN_SELF = YES;
				CLANG_WARN_OBJC_LITERAL_CONVERSION = YES;
				CLANG_WARN_OBJC_ROOT_CLASS = YES_ERROR;
				CLANG_WARN_QUOTED_INCLUDE_IN_FRAMEWORK_HEADER = YES;
				CLANG_WARN_RANGE_LOOP_ANALYSIS = YES;
				CLANG_WARN_STRICT_PROTOTYPES = YES;
				CLANG_WARN_SUSPICIOUS_MOVE = YES;
				CLANG_WARN_UNGUARDED_AVAILABILITY = YES_AGGRESSIVE;
				CLANG_WARN_UNREACHABLE_CODE = YES;
				CLANG_WARN__DUPLICATE_METHOD_MATCH = YES;
				COPY_PHASE_STRIP = NO;
				DEBUG_INFORMATION_FORMAT = dwarf;
				ENABLE_STRICT_OBJC_MSGSEND = YES;
				ENABLE_TESTABILITY = YES;
				GCC_C_LANGUAGE_STANDARD = gnu11;
				GCC_DYNAMIC_NO_PIC = NO;
				GCC_NO_COMMON_BLOCKS = YES;
				GCC_OPTIMIZATION_LEVEL = 0;
				GCC_PREPROCESSOR_DEFINITIONS = (
					"DEBUG=1",
					"$(inherited)",
				);
				GCC_WARN_64_TO_32_BIT_CONVERSION = YES;
				GCC_WARN_ABOUT_RETURN_TYPE = YES_ERROR;
				GCC_WARN_UNDECLARED_SELECTOR = YES;
				GCC_WARN_UNINITIALIZED_AUTOS = YES_AGGRESSIVE;
				GCC_WARN_UNUSED_FUNCTION = YES;
				GCC_WARN_UNUSED_VARIABLE = YES;
				IPHONEOS_DEPLOYMENT_TARGET = 15.2;
				MTL_ENABLE_DEBUG_INFO = INCLUDE_SOURCE;
				MTL_FAST_MATH = YES;
				ONLY_ACTIVE_ARCH = YES;
				SDKROOT = iphoneos;
				SWIFT_ACTIVE_COMPILATION_CONDITIONS = DEBUG;
				SWIFT_OPTIMIZATION_LEVEL = "-Onone";
			};
			name = Debug;
		};
		0E6A0318283110AA00DDB583 /* Release */ = {
			isa = XCBuildConfiguration;
			buildSettings = {
				ALWAYS_SEARCH_USER_PATHS = NO;
				CLANG_ANALYZER_NONNULL = YES;
				CLANG_ANALYZER_NUMBER_OBJECT_CONVERSION = YES_AGGRESSIVE;
				CLANG_CXX_LANGUAGE_STANDARD = "gnu++17";
				CLANG_CXX_LIBRARY = "libc++";
				CLANG_ENABLE_MODULES = YES;
				CLANG_ENABLE_OBJC_ARC = YES;
				CLANG_ENABLE_OBJC_WEAK = YES;
				CLANG_WARN_BLOCK_CAPTURE_AUTORELEASING = YES;
				CLANG_WARN_BOOL_CONVERSION = YES;
				CLANG_WARN_COMMA = YES;
				CLANG_WARN_CONSTANT_CONVERSION = YES;
				CLANG_WARN_DEPRECATED_OBJC_IMPLEMENTATIONS = YES;
				CLANG_WARN_DIRECT_OBJC_ISA_USAGE = YES_ERROR;
				CLANG_WARN_DOCUMENTATION_COMMENTS = YES;
				CLANG_WARN_EMPTY_BODY = YES;
				CLANG_WARN_ENUM_CONVERSION = YES;
				CLANG_WARN_INFINITE_RECURSION = YES;
				CLANG_WARN_INT_CONVERSION = YES;
				CLANG_WARN_NON_LITERAL_NULL_CONVERSION = YES;
				CLANG_WARN_OBJC_IMPLICIT_RETAIN_SELF = YES;
				CLANG_WARN_OBJC_LITERAL_CONVERSION = YES;
				CLANG_WARN_OBJC_ROOT_CLASS = YES_ERROR;
				CLANG_WARN_QUOTED_INCLUDE_IN_FRAMEWORK_HEADER = YES;
				CLANG_WARN_RANGE_LOOP_ANALYSIS = YES;
				CLANG_WARN_STRICT_PROTOTYPES = YES;
				CLANG_WARN_SUSPICIOUS_MOVE = YES;
				CLANG_WARN_UNGUARDED_AVAILABILITY = YES_AGGRESSIVE;
				CLANG_WARN_UNREACHABLE_CODE = YES;
				CLANG_WARN__DUPLICATE_METHOD_MATCH = YES;
				COPY_PHASE_STRIP = NO;
				DEBUG_INFORMATION_FORMAT = "dwarf-with-dsym";
				ENABLE_NS_ASSERTIONS = NO;
				ENABLE_STRICT_OBJC_MSGSEND = YES;
				GCC_C_LANGUAGE_STANDARD = gnu11;
				GCC_NO_COMMON_BLOCKS = YES;
				GCC_WARN_64_TO_32_BIT_CONVERSION = YES;
				GCC_WARN_ABOUT_RETURN_TYPE = YES_ERROR;
				GCC_WARN_UNDECLARED_SELECTOR = YES;
				GCC_WARN_UNINITIALIZED_AUTOS = YES_AGGRESSIVE;
				GCC_WARN_UNUSED_FUNCTION = YES;
				GCC_WARN_UNUSED_VARIABLE = YES;
				IPHONEOS_DEPLOYMENT_TARGET = 15.2;
				MTL_ENABLE_DEBUG_INFO = NO;
				MTL_FAST_MATH = YES;
				SDKROOT = iphoneos;
				SWIFT_COMPILATION_MODE = wholemodule;
				SWIFT_OPTIMIZATION_LEVEL = "-O";
				VALIDATE_PRODUCT = YES;
			};
			name = Release;
		};
		0E6A031A283110AA00DDB583 /* Debug */ = {
			isa = XCBuildConfiguration;
			buildSettings = {
				ASSETCATALOG_COMPILER_APPICON_NAME = AppIcon;
				ASSETCATALOG_COMPILER_GLOBAL_ACCENT_COLOR_NAME = AccentColor;
				CODE_SIGN_STYLE = Automatic;
				CURRENT_PROJECT_VERSION = 1;
				GENERATE_INFOPLIST_FILE = YES;
				INFOPLIST_FILE = Restaurant/Info.plist;
				INFOPLIST_KEY_UIApplicationSupportsIndirectInputEvents = YES;
				INFOPLIST_KEY_UILaunchStoryboardName = LaunchScreen;
				INFOPLIST_KEY_UIMainStoryboardFile = Main;
				INFOPLIST_KEY_UISupportedInterfaceOrientations_iPad = "UIInterfaceOrientationPortrait UIInterfaceOrientationPortraitUpsideDown UIInterfaceOrientationLandscapeLeft UIInterfaceOrientationLandscapeRight";
				INFOPLIST_KEY_UISupportedInterfaceOrientations_iPhone = "UIInterfaceOrientationPortrait UIInterfaceOrientationLandscapeLeft UIInterfaceOrientationLandscapeRight";
				LD_RUNPATH_SEARCH_PATHS = (
					"$(inherited)",
					"@executable_path/Frameworks",
				);
				MARKETING_VERSION = 1.0;
				PRODUCT_BUNDLE_IDENTIFIER = com.Restaurant;
				PRODUCT_NAME = "$(TARGET_NAME)";
				SWIFT_EMIT_LOC_STRINGS = YES;
				SWIFT_VERSION = 5.0;
				TARGETED_DEVICE_FAMILY = "1,2";
			};
			name = Debug;
		};
		0E6A031B283110AA00DDB583 /* Release */ = {
			isa = XCBuildConfiguration;
			buildSettings = {
				ASSETCATALOG_COMPILER_APPICON_NAME = AppIcon;
				ASSETCATALOG_COMPILER_GLOBAL_ACCENT_COLOR_NAME = AccentColor;
				CODE_SIGN_STYLE = Automatic;
				CURRENT_PROJECT_VERSION = 1;
				GENERATE_INFOPLIST_FILE = YES;
				INFOPLIST_FILE = Restaurant/Info.plist;
				INFOPLIST_KEY_UIApplicationSupportsIndirectInputEvents = YES;
				INFOPLIST_KEY_UILaunchStoryboardName = LaunchScreen;
				INFOPLIST_KEY_UIMainStoryboardFile = Main;
				INFOPLIST_KEY_UISupportedInterfaceOrientations_iPad = "UIInterfaceOrientationPortrait UIInterfaceOrientationPortraitUpsideDown UIInterfaceOrientationLandscapeLeft UIInterfaceOrientationLandscapeRight";
				INFOPLIST_KEY_UISupportedInterfaceOrientations_iPhone = "UIInterfaceOrientationPortrait UIInterfaceOrientationLandscapeLeft UIInterfaceOrientationLandscapeRight";
				LD_RUNPATH_SEARCH_PATHS = (
					"$(inherited)",
					"@executable_path/Frameworks",
				);
				MARKETING_VERSION = 1.0;
				PRODUCT_BUNDLE_IDENTIFIER = com.Restaurant;
				PRODUCT_NAME = "$(TARGET_NAME)";
				SWIFT_EMIT_LOC_STRINGS = YES;
				SWIFT_VERSION = 5.0;
				TARGETED_DEVICE_FAMILY = "1,2";
			};
			name = Release;
		};
/* End XCBuildConfiguration section */

/* Begin XCConfigurationList section */
		0E6A02FD283110A600DDB583 /* Build configuration list for PBXProject "Restaurant" */ = {
			isa = XCConfigurationList;
			buildConfigurations = (
				0E6A0317283110AA00DDB583 /* Debug */,
				0E6A0318283110AA00DDB583 /* Release */,
			);
			defaultConfigurationIsVisible = 0;
			defaultConfigurationName = Release;
		};
		0E6A0319283110AA00DDB583 /* Build configuration list for PBXNativeTarget "Restaurant" */ = {
			isa = XCConfigurationList;
			buildConfigurations = (
				0E6A031A283110AA00DDB583 /* Debug */,
				0E6A031B283110AA00DDB583 /* Release */,
			);
			defaultConfigurationIsVisible = 0;
			defaultConfigurationName = Release;
		};
/* End XCConfigurationList section */

/* Begin XCVersionGroup section */
		0E6A030E283110A600DDB583 /* Restaurant.xcdatamodeld */ = {
			isa = XCVersionGroup;
			children = (
				0E6A030F283110A600DDB583 /* Restaurant.xcdatamodel */,
			);
			currentVersion = 0E6A030F283110A600DDB583 /* Restaurant.xcdatamodel */;
			path = Restaurant.xcdatamodeld;
			sourceTree = "<group>";
			versionGroupType = wrapper.xcdatamodel;
		};
/* End XCVersionGroup section */
	};
	rootObject = 0E6A02FA283110A600DDB583 /* Project object */;
}
